
Microsoft Visual Studio Solution File, Format Version 12.00
# Visual Studio Version 17
VisualStudioVersion = 17.4.33213.308
MinimumVisualStudioVersion = 10.0.40219.1
Project("{FAE04EC0-301F-11D3-BF4B-00C04F79EFBC}") = "WpfApp2", "WpfApp2.csproj", "{460EB8B3-71AF-4475-9361-0F87EDE7F990}"
EndProject
Global
	GlobalSection(SolutionConfigurationPlatforms) = preSolution
		Debug|Any CPU = Debug|Any CPU
		Release|Any CPU = Release|Any CPU
	EndGlobalSection
	GlobalSection(ProjectConfigurationPlatforms) = postSolution
		{460EB8B3-71AF-4475-9361-0F87EDE7F990}.Debug|Any CPU.ActiveCfg = Debug|Any CPU
		{460EB8B3-71AF-4475-9361-0F87EDE7F990}.Debug|Any CPU.Build.0 = Debug|Any CPU
		{460EB8B3-71AF-4475-9361-0F87EDE7F990}.Release|Any CPU.ActiveCfg = Release|Any CPU
		{460EB8B3-71AF-4475-9361-0F87EDE7F990}.Release|Any CPU.Build.0 = Release|Any CPU
	EndGlobalSection
	GlobalSection(SolutionProperties) = preSolution
		HideSolutionNode = FALSE
	EndGlobalSection
	GlobalSection(ExtensibilityGlobals) = postSolution
		SolutionGuid = {C0B01977-C437-48AD-BDD0-B32973CC9BCE}
	EndGlobalSection
EndGlobal
